
Microsoft Visual Studio Solution File, Format Version 12.00
# Visual Studio Version 17
VisualStudioVersion = 17.3.32708.82
MinimumVisualStudioVersion = 10.0.40219.1
Project("{2150E333-8FDC-42A3-9474-1A3956D46DE8}") = "src", "src", "{728BDEB6-A216-4D23-9B4B-52734DD2820B}"
EndProject
Project("{9A19103F-16F7-4668-BE54-9A1E7A4F7556}") = "Buddies.App", "src\Buddies.App\Buddies.App.csproj", "{B0C90AE9-4B05-4BAE-845E-F9BF9E74588D}"
EndProject
Global
	GlobalSection(SolutionConfigurationPlatforms) = preSolution
		Debug|Any CPU = Debug|Any CPU
		Release|Any CPU = Release|Any CPU
	EndGlobalSection
	GlobalSection(ProjectConfigurationPlatforms) = postSolution
		{B0C90AE9-4B05-4BAE-845E-F9BF9E74588D}.Debug|Any CPU.ActiveCfg = Debug|Any CPU
		{B0C90AE9-4B05-4BAE-845E-F9BF9E74588D}.Debug|Any CPU.Build.0 = Debug|Any CPU
		{B0C90AE9-4B05-4BAE-845E-F9BF9E74588D}.Debug|Any CPU.Deploy.0 = Debug|Any CPU
		{B0C90AE9-4B05-4BAE-845E-F9BF9E74588D}.Release|Any CPU.ActiveCfg = Release|Any CPU
		{B0C90AE9-4B05-4BAE-845E-F9BF9E74588D}.Release|Any CPU.Build.0 = Release|Any CPU
		{B0C90AE9-4B05-4BAE-845E-F9BF9E74588D}.Release|Any CPU.Deploy.0 = Release|Any CPU
	EndGlobalSection
	GlobalSection(SolutionProperties) = preSolution
		HideSolutionNode = FALSE
	EndGlobalSection
	GlobalSection(NestedProjects) = preSolution
		{B0C90AE9-4B05-4BAE-845E-F9BF9E74588D} = {728BDEB6-A216-4D23-9B4B-52734DD2820B}
	EndGlobalSection
	GlobalSection(ExtensibilityGlobals) = postSolution
		SolutionGuid = {B6E0FD22-4992-4008-A717-7F1A187B80C3}
	EndGlobalSection
EndGlobal
